// !$*UTF8*$!
{
	archiveVersion = 1;
	classes = {
	};
	objectVersion = 50;
	objects = {

/* Begin PBXBuildFile section */
		072CF14423ADE007000B7205 /* UrlSessionWrapper.swift in Sources */ = {isa = PBXBuildFile; fileRef = 072CF14323ADE007000B7205 /* UrlSessionWrapper.swift */; };
		072CF14623ADF4EF000B7205 /* ThreadSafeCollection.swift in Sources */ = {isa = PBXBuildFile; fileRef = 072CF14523ADF4EF000B7205 /* ThreadSafeCollection.swift */; };
		072CF14B23ADFBE6000B7205 /* GeneralActions.swift in Sources */ = {isa = PBXBuildFile; fileRef = 074E76BB23AD86FA00F86164 /* GeneralActions.swift */; };
		072CF14C23ADFBE6000B7205 /* EntityActions.swift in Sources */ = {isa = PBXBuildFile; fileRef = 074E76BC23AD86FA00F86164 /* EntityActions.swift */; };
		072CF14D23ADFBE6000B7205 /* ApiActions.swift in Sources */ = {isa = PBXBuildFile; fileRef = 074E76BD23AD86FA00F86164 /* ApiActions.swift */; };
		072CF14E23ADFBE6000B7205 /* UserActions.swift in Sources */ = {isa = PBXBuildFile; fileRef = 074E76BE23AD86FA00F86164 /* UserActions.swift */; };
		074E769423AD86EC00F86164 /* TrashPanda.framework in Frameworks */ = {isa = PBXBuildFile; fileRef = 074E768A23AD86EC00F86164 /* TrashPanda.framework */; };
		074E769923AD86EC00F86164 /* TrashPandaTests.swift in Sources */ = {isa = PBXBuildFile; fileRef = 074E769823AD86EC00F86164 /* TrashPandaTests.swift */; };
		074E769B23AD86EC00F86164 /* TrashPanda.h in Headers */ = {isa = PBXBuildFile; fileRef = 074E768D23AD86EC00F86164 /* TrashPanda.h */; settings = {ATTRIBUTES = (Public, ); }; };
		074E76CB23AD86FA00F86164 /* NetworkResponseAdapter.swift in Sources */ = {isa = PBXBuildFile; fileRef = 074E76A623AD86FA00F86164 /* NetworkResponseAdapter.swift */; };
		074E76CC23AD86FA00F86164 /* NetworkCaller.swift in Sources */ = {isa = PBXBuildFile; fileRef = 074E76A723AD86FA00F86164 /* NetworkCaller.swift */; };
		074E76CD23AD86FA00F86164 /* NetworkCallerProtocol.swift in Sources */ = {isa = PBXBuildFile; fileRef = 074E76A823AD86FA00F86164 /* NetworkCallerProtocol.swift */; };
		074E76CE23AD86FA00F86164 /* NetworkCallerBuilder.swift in Sources */ = {isa = PBXBuildFile; fileRef = 074E76A923AD86FA00F86164 /* NetworkCallerBuilder.swift */; };
		074E76CF23AD86FA00F86164 /* NetworkCallerMock.swift in Sources */ = {isa = PBXBuildFile; fileRef = 074E76AA23AD86FA00F86164 /* NetworkCallerMock.swift */; };
		074E76D023AD86FA00F86164 /* ApiMessages.swift in Sources */ = {isa = PBXBuildFile; fileRef = 074E76AB23AD86FA00F86164 /* ApiMessages.swift */; };
		074E76D123AD86FA00F86164 /* ApiConstants.swift in Sources */ = {isa = PBXBuildFile; fileRef = 074E76AC23AD86FA00F86164 /* ApiConstants.swift */; };
		074E76D223AD86FA00F86164 /* UserDefaultsManager.swift in Sources */ = {isa = PBXBuildFile; fileRef = 074E76AD23AD86FA00F86164 /* UserDefaultsManager.swift */; };
		074E76D323AD86FA00F86164 /* UpdateAbleQueryStrings.swift in Sources */ = {isa = PBXBuildFile; fileRef = 074E76AE23AD86FA00F86164 /* UpdateAbleQueryStrings.swift */; };
		074E76D423AD86FA00F86164 /* BaseApiCall.swift in Sources */ = {isa = PBXBuildFile; fileRef = 074E76B023AD86FA00F86164 /* BaseApiCall.swift */; };
		074E76D523AD86FA00F86164 /* NetworkCallExecutorHelper.swift in Sources */ = {isa = PBXBuildFile; fileRef = 074E76B223AD86FA00F86164 /* NetworkCallExecutorHelper.swift */; };
		074E76D623AD86FA00F86164 /* NetworkCallExecutorBuilder.swift in Sources */ = {isa = PBXBuildFile; fileRef = 074E76B323AD86FA00F86164 /* NetworkCallExecutorBuilder.swift */; };
		074E76D723AD86FA00F86164 /* NetWorkCallExecutor.swift in Sources */ = {isa = PBXBuildFile; fileRef = 074E76B423AD86FA00F86164 /* NetWorkCallExecutor.swift */; };
		074E76D823AD86FA00F86164 /* ApiCallDetails.swift in Sources */ = {isa = PBXBuildFile; fileRef = 074E76B523AD86FA00F86164 /* ApiCallDetails.swift */; };
		074E76D923AD86FA00F86164 /* ServerFailResponseObject.swift in Sources */ = {isa = PBXBuildFile; fileRef = 074E76B623AD86FA00F86164 /* ServerFailResponseObject.swift */; };
		074E76DA23AD86FA00F86164 /* ServerDetailResponse.swift in Sources */ = {isa = PBXBuildFile; fileRef = 074E76B723AD86FA00F86164 /* ServerDetailResponse.swift */; };
		074E76DB23AD86FA00F86164 /* AlternativeNameParser.swift in Sources */ = {isa = PBXBuildFile; fileRef = 074E76B823AD86FA00F86164 /* AlternativeNameParser.swift */; };
		074E76DC23AD86FA00F86164 /* ServerApiResponse.swift in Sources */ = {isa = PBXBuildFile; fileRef = 074E76B923AD86FA00F86164 /* ServerApiResponse.swift */; };
		074E76DD23AD86FA00F86164 /* GeneralActions.swift in Sources */ = {isa = PBXBuildFile; fileRef = 074E76BB23AD86FA00F86164 /* GeneralActions.swift */; };
		074E76DE23AD86FA00F86164 /* EntityActions.swift in Sources */ = {isa = PBXBuildFile; fileRef = 074E76BC23AD86FA00F86164 /* EntityActions.swift */; };
		074E76DF23AD86FA00F86164 /* ApiActions.swift in Sources */ = {isa = PBXBuildFile; fileRef = 074E76BD23AD86FA00F86164 /* ApiActions.swift */; };
		074E76E023AD86FA00F86164 /* UserActions.swift in Sources */ = {isa = PBXBuildFile; fileRef = 074E76BE23AD86FA00F86164 /* UserActions.swift */; };
		074E76E123AD86FA00F86164 /* HeadersFactory.swift in Sources */ = {isa = PBXBuildFile; fileRef = 074E76BF23AD86FA00F86164 /* HeadersFactory.swift */; };
		074E76E223AD86FA00F86164 /* ErrorBase.swift in Sources */ = {isa = PBXBuildFile; fileRef = 074E76C123AD86FA00F86164 /* ErrorBase.swift */; };
		074E76E523AD86FA00F86164 /* StatusCodes.swift in Sources */ = {isa = PBXBuildFile; fileRef = 074E76C423AD86FA00F86164 /* StatusCodes.swift */; };
		074E76E623AD86FA00F86164 /* EntityApiCall.swift in Sources */ = {isa = PBXBuildFile; fileRef = 074E76C623AD86FA00F86164 /* EntityApiCall.swift */; };
		074E76E723AD86FA00F86164 /* Urls.swift in Sources */ = {isa = PBXBuildFile; fileRef = 074E76C723AD86FA00F86164 /* Urls.swift */; };
		074E76E823AD86FA00F86164 /* CodingKeyStruct.swift in Sources */ = {isa = PBXBuildFile; fileRef = 074E76C923AD86FA00F86164 /* CodingKeyStruct.swift */; };
		074E76E923AD86FA00F86164 /* Parser.swift in Sources */ = {isa = PBXBuildFile; fileRef = 074E76CA23AD86FA00F86164 /* Parser.swift */; };
		0799DF3523AE0DDE00F9A8F5 /* UtilityExtenstions.swift in Sources */ = {isa = PBXBuildFile; fileRef = 0799DF3423AE0DDE00F9A8F5 /* UtilityExtenstions.swift */; };
		07FFF48623AE4579005EE688 /* TrashPanda.podspec in Resources */ = {isa = PBXBuildFile; fileRef = 07FFF48523AE4579005EE688 /* TrashPanda.podspec */; };
/* End PBXBuildFile section */

/* Begin PBXContainerItemProxy section */
		074E769523AD86EC00F86164 /* PBXContainerItemProxy */ = {
			isa = PBXContainerItemProxy;
			containerPortal = 074E768123AD86EC00F86164 /* Project object */;
			proxyType = 1;
			remoteGlobalIDString = 074E768923AD86EC00F86164;
			remoteInfo = TrashPanda;
		};
/* End PBXContainerItemProxy section */

/* Begin PBXFileReference section */
		072CF14323ADE007000B7205 /* UrlSessionWrapper.swift */ = {isa = PBXFileReference; lastKnownFileType = sourcecode.swift; path = UrlSessionWrapper.swift; sourceTree = "<group>"; };
		072CF14523ADF4EF000B7205 /* ThreadSafeCollection.swift */ = {isa = PBXFileReference; lastKnownFileType = sourcecode.swift; path = ThreadSafeCollection.swift; sourceTree = "<group>"; };
		074E768A23AD86EC00F86164 /* TrashPanda.framework */ = {isa = PBXFileReference; explicitFileType = wrapper.framework; includeInIndex = 0; path = TrashPanda.framework; sourceTree = BUILT_PRODUCTS_DIR; };
		074E768D23AD86EC00F86164 /* TrashPanda.h */ = {isa = PBXFileReference; lastKnownFileType = sourcecode.c.h; path = TrashPanda.h; sourceTree = "<group>"; };
		074E768E23AD86EC00F86164 /* Info.plist */ = {isa = PBXFileReference; lastKnownFileType = text.plist.xml; path = Info.plist; sourceTree = "<group>"; };
		074E769323AD86EC00F86164 /* TrashPandaTests.xctest */ = {isa = PBXFileReference; explicitFileType = wrapper.cfbundle; includeInIndex = 0; path = TrashPandaTests.xctest; sourceTree = BUILT_PRODUCTS_DIR; };
		074E769823AD86EC00F86164 /* TrashPandaTests.swift */ = {isa = PBXFileReference; lastKnownFileType = sourcecode.swift; path = TrashPandaTests.swift; sourceTree = "<group>"; };
		074E769A23AD86EC00F86164 /* Info.plist */ = {isa = PBXFileReference; lastKnownFileType = text.plist.xml; path = Info.plist; sourceTree = "<group>"; };
		074E76A623AD86FA00F86164 /* NetworkResponseAdapter.swift */ = {isa = PBXFileReference; fileEncoding = 4; lastKnownFileType = sourcecode.swift; path = NetworkResponseAdapter.swift; sourceTree = "<group>"; };
		074E76A723AD86FA00F86164 /* NetworkCaller.swift */ = {isa = PBXFileReference; fileEncoding = 4; lastKnownFileType = sourcecode.swift; path = NetworkCaller.swift; sourceTree = "<group>"; };
		074E76A823AD86FA00F86164 /* NetworkCallerProtocol.swift */ = {isa = PBXFileReference; fileEncoding = 4; lastKnownFileType = sourcecode.swift; path = NetworkCallerProtocol.swift; sourceTree = "<group>"; };
		074E76A923AD86FA00F86164 /* NetworkCallerBuilder.swift */ = {isa = PBXFileReference; fileEncoding = 4; lastKnownFileType = sourcecode.swift; path = NetworkCallerBuilder.swift; sourceTree = "<group>"; };
		074E76AA23AD86FA00F86164 /* NetworkCallerMock.swift */ = {isa = PBXFileReference; fileEncoding = 4; lastKnownFileType = sourcecode.swift; path = NetworkCallerMock.swift; sourceTree = "<group>"; };
		074E76AB23AD86FA00F86164 /* ApiMessages.swift */ = {isa = PBXFileReference; fileEncoding = 4; lastKnownFileType = sourcecode.swift; path = ApiMessages.swift; sourceTree = "<group>"; };
		074E76AC23AD86FA00F86164 /* ApiConstants.swift */ = {isa = PBXFileReference; fileEncoding = 4; lastKnownFileType = sourcecode.swift; path = ApiConstants.swift; sourceTree = "<group>"; };
		074E76AD23AD86FA00F86164 /* UserDefaultsManager.swift */ = {isa = PBXFileReference; fileEncoding = 4; lastKnownFileType = sourcecode.swift; path = UserDefaultsManager.swift; sourceTree = "<group>"; };
		074E76AE23AD86FA00F86164 /* UpdateAbleQueryStrings.swift */ = {isa = PBXFileReference; fileEncoding = 4; lastKnownFileType = sourcecode.swift; path = UpdateAbleQueryStrings.swift; sourceTree = "<group>"; };
		074E76B023AD86FA00F86164 /* BaseApiCall.swift */ = {isa = PBXFileReference; fileEncoding = 4; lastKnownFileType = sourcecode.swift; path = BaseApiCall.swift; sourceTree = "<group>"; };
		074E76B223AD86FA00F86164 /* NetworkCallExecutorHelper.swift */ = {isa = PBXFileReference; fileEncoding = 4; lastKnownFileType = sourcecode.swift; path = NetworkCallExecutorHelper.swift; sourceTree = "<group>"; };
		074E76B323AD86FA00F86164 /* NetworkCallExecutorBuilder.swift */ = {isa = PBXFileReference; fileEncoding = 4; lastKnownFileType = sourcecode.swift; path = NetworkCallExecutorBuilder.swift; sourceTree = "<group>"; };
		074E76B423AD86FA00F86164 /* NetWorkCallExecutor.swift */ = {isa = PBXFileReference; fileEncoding = 4; lastKnownFileType = sourcecode.swift; path = NetWorkCallExecutor.swift; sourceTree = "<group>"; };
		074E76B523AD86FA00F86164 /* ApiCallDetails.swift */ = {isa = PBXFileReference; fileEncoding = 4; lastKnownFileType = sourcecode.swift; path = ApiCallDetails.swift; sourceTree = "<group>"; };
		074E76B623AD86FA00F86164 /* ServerFailResponseObject.swift */ = {isa = PBXFileReference; fileEncoding = 4; lastKnownFileType = sourcecode.swift; path = ServerFailResponseObject.swift; sourceTree = "<group>"; };
		074E76B723AD86FA00F86164 /* ServerDetailResponse.swift */ = {isa = PBXFileReference; fileEncoding = 4; lastKnownFileType = sourcecode.swift; path = ServerDetailResponse.swift; sourceTree = "<group>"; };
		074E76B823AD86FA00F86164 /* AlternativeNameParser.swift */ = {isa = PBXFileReference; fileEncoding = 4; lastKnownFileType = sourcecode.swift; path = AlternativeNameParser.swift; sourceTree = "<group>"; };
		074E76B923AD86FA00F86164 /* ServerApiResponse.swift */ = {isa = PBXFileReference; fileEncoding = 4; lastKnownFileType = sourcecode.swift; path = ServerApiResponse.swift; sourceTree = "<group>"; };
		074E76BB23AD86FA00F86164 /* GeneralActions.swift */ = {isa = PBXFileReference; fileEncoding = 4; lastKnownFileType = sourcecode.swift; path = GeneralActions.swift; sourceTree = "<group>"; };
		074E76BC23AD86FA00F86164 /* EntityActions.swift */ = {isa = PBXFileReference; fileEncoding = 4; lastKnownFileType = sourcecode.swift; path = EntityActions.swift; sourceTree = "<group>"; };
		074E76BD23AD86FA00F86164 /* ApiActions.swift */ = {isa = PBXFileReference; fileEncoding = 4; lastKnownFileType = sourcecode.swift; path = ApiActions.swift; sourceTree = "<group>"; };
		074E76BE23AD86FA00F86164 /* UserActions.swift */ = {isa = PBXFileReference; fileEncoding = 4; lastKnownFileType = sourcecode.swift; path = UserActions.swift; sourceTree = "<group>"; };
		074E76BF23AD86FA00F86164 /* HeadersFactory.swift */ = {isa = PBXFileReference; fileEncoding = 4; lastKnownFileType = sourcecode.swift; path = HeadersFactory.swift; sourceTree = "<group>"; };
		074E76C123AD86FA00F86164 /* ErrorBase.swift */ = {isa = PBXFileReference; fileEncoding = 4; lastKnownFileType = sourcecode.swift; path = ErrorBase.swift; sourceTree = "<group>"; };
		074E76C423AD86FA00F86164 /* StatusCodes.swift */ = {isa = PBXFileReference; fileEncoding = 4; lastKnownFileType = sourcecode.swift; path = StatusCodes.swift; sourceTree = "<group>"; };
		074E76C623AD86FA00F86164 /* EntityApiCall.swift */ = {isa = PBXFileReference; fileEncoding = 4; lastKnownFileType = sourcecode.swift; path = EntityApiCall.swift; sourceTree = "<group>"; };
		074E76C723AD86FA00F86164 /* Urls.swift */ = {isa = PBXFileReference; fileEncoding = 4; lastKnownFileType = sourcecode.swift; path = Urls.swift; sourceTree = "<group>"; };
		074E76C923AD86FA00F86164 /* CodingKeyStruct.swift */ = {isa = PBXFileReference; fileEncoding = 4; lastKnownFileType = sourcecode.swift; path = CodingKeyStruct.swift; sourceTree = "<group>"; };
		074E76CA23AD86FA00F86164 /* Parser.swift */ = {isa = PBXFileReference; fileEncoding = 4; lastKnownFileType = sourcecode.swift; path = Parser.swift; sourceTree = "<group>"; };
		0799DF3423AE0DDE00F9A8F5 /* UtilityExtenstions.swift */ = {isa = PBXFileReference; lastKnownFileType = sourcecode.swift; path = UtilityExtenstions.swift; sourceTree = "<group>"; };
		07FFF48523AE4579005EE688 /* TrashPanda.podspec */ = {isa = PBXFileReference; fileEncoding = 4; lastKnownFileType = text; name = TrashPanda.podspec; path = ../../TrashPanda.podspec; sourceTree = "<group>"; };
/* End PBXFileReference section */

/* Begin PBXFrameworksBuildPhase section */
		074E768723AD86EC00F86164 /* Frameworks */ = {
			isa = PBXFrameworksBuildPhase;
			buildActionMask = 2147483647;
			files = (
			);
			runOnlyForDeploymentPostprocessing = 0;
		};
		074E769023AD86EC00F86164 /* Frameworks */ = {
			isa = PBXFrameworksBuildPhase;
			buildActionMask = 2147483647;
			files = (
				074E769423AD86EC00F86164 /* TrashPanda.framework in Frameworks */,
			);
			runOnlyForDeploymentPostprocessing = 0;
		};
/* End PBXFrameworksBuildPhase section */

/* Begin PBXGroup section */
		074E768023AD86EC00F86164 = {
			isa = PBXGroup;
			children = (
				074E768C23AD86EC00F86164 /* TrashPanda */,
				074E769723AD86EC00F86164 /* TrashPandaTests */,
				074E768B23AD86EC00F86164 /* Products */,
			);
			sourceTree = "<group>";
		};
		074E768B23AD86EC00F86164 /* Products */ = {
			isa = PBXGroup;
			children = (
				074E768A23AD86EC00F86164 /* TrashPanda.framework */,
				074E769323AD86EC00F86164 /* TrashPandaTests.xctest */,
			);
			name = Products;
			sourceTree = "<group>";
		};
		074E768C23AD86EC00F86164 /* TrashPanda */ = {
			isa = PBXGroup;
			children = (
				07FFF48523AE4579005EE688 /* TrashPanda.podspec */,
				074E76A423AD86FA00F86164 /* Api */,
				074E768D23AD86EC00F86164 /* TrashPanda.h */,
				074E768E23AD86EC00F86164 /* Info.plist */,
			);
			path = TrashPanda;
			sourceTree = "<group>";
		};
		074E769723AD86EC00F86164 /* TrashPandaTests */ = {
			isa = PBXGroup;
			children = (
				074E769823AD86EC00F86164 /* TrashPandaTests.swift */,
				072CF14523ADF4EF000B7205 /* ThreadSafeCollection.swift */,
				0799DF3423AE0DDE00F9A8F5 /* UtilityExtenstions.swift */,
				074E769A23AD86EC00F86164 /* Info.plist */,
			);
			path = TrashPandaTests;
			sourceTree = "<group>";
		};
		074E76A423AD86FA00F86164 /* Api */ = {
			isa = PBXGroup;
			children = (
				074E76A523AD86FA00F86164 /* NetworkInterface */,
				074E76AB23AD86FA00F86164 /* ApiMessages.swift */,
				074E76AC23AD86FA00F86164 /* ApiConstants.swift */,
				074E76AD23AD86FA00F86164 /* UserDefaultsManager.swift */,
				074E76AE23AD86FA00F86164 /* UpdateAbleQueryStrings.swift */,
				074E76BA23AD86FA00F86164 /* Actions */,
				074E76B123AD86FA00F86164 /* NetworkCallExecutor */,
				074E76AF23AD86FA00F86164 /* BaseLayer */,
				074E76BF23AD86FA00F86164 /* HeadersFactory.swift */,
				074E76C023AD86FA00F86164 /* Errors */,
				074E76C523AD86FA00F86164 /* ApiCalls */,
				074E76C723AD86FA00F86164 /* Urls.swift */,
				074E76C823AD86FA00F86164 /* ParsingHelpers */,
			);
			path = Api;
			sourceTree = "<group>";
		};
		074E76A523AD86FA00F86164 /* NetworkInterface */ = {
			isa = PBXGroup;
			children = (
				074E76A623AD86FA00F86164 /* NetworkResponseAdapter.swift */,
				074E76A723AD86FA00F86164 /* NetworkCaller.swift */,
				074E76A823AD86FA00F86164 /* NetworkCallerProtocol.swift */,
				074E76A923AD86FA00F86164 /* NetworkCallerBuilder.swift */,
				074E76AA23AD86FA00F86164 /* NetworkCallerMock.swift */,
			);
			path = NetworkInterface;
			sourceTree = "<group>";
		};
		074E76AF23AD86FA00F86164 /* BaseLayer */ = {
			isa = PBXGroup;
			children = (
				074E76B023AD86FA00F86164 /* BaseApiCall.swift */,
				074E76B523AD86FA00F86164 /* ApiCallDetails.swift */,
				074E76B623AD86FA00F86164 /* ServerFailResponseObject.swift */,
				074E76B723AD86FA00F86164 /* ServerDetailResponse.swift */,
				074E76B823AD86FA00F86164 /* AlternativeNameParser.swift */,
				074E76B923AD86FA00F86164 /* ServerApiResponse.swift */,
			);
			path = BaseLayer;
			sourceTree = "<group>";
		};
		074E76B123AD86FA00F86164 /* NetworkCallExecutor */ = {
			isa = PBXGroup;
			children = (
				074E76B223AD86FA00F86164 /* NetworkCallExecutorHelper.swift */,
				074E76B323AD86FA00F86164 /* NetworkCallExecutorBuilder.swift */,
				074E76B423AD86FA00F86164 /* NetWorkCallExecutor.swift */,
				072CF14323ADE007000B7205 /* UrlSessionWrapper.swift */,
			);
			path = NetworkCallExecutor;
			sourceTree = "<group>";
		};
		074E76BA23AD86FA00F86164 /* Actions */ = {
			isa = PBXGroup;
			children = (
				074E76BB23AD86FA00F86164 /* GeneralActions.swift */,
				074E76BC23AD86FA00F86164 /* EntityActions.swift */,
				074E76BD23AD86FA00F86164 /* ApiActions.swift */,
				074E76BE23AD86FA00F86164 /* UserActions.swift */,
			);
			path = Actions;
			sourceTree = "<group>";
		};
		074E76C023AD86FA00F86164 /* Errors */ = {
			isa = PBXGroup;
			children = (
				074E76C123AD86FA00F86164 /* ErrorBase.swift */,
				074E76C423AD86FA00F86164 /* StatusCodes.swift */,
			);
			path = Errors;
			sourceTree = "<group>";
		};
		074E76C523AD86FA00F86164 /* ApiCalls */ = {
			isa = PBXGroup;
			children = (
				074E76C623AD86FA00F86164 /* EntityApiCall.swift */,
			);
			path = ApiCalls;
			sourceTree = "<group>";
		};
		074E76C823AD86FA00F86164 /* ParsingHelpers */ = {
			isa = PBXGroup;
			children = (
				074E76C923AD86FA00F86164 /* CodingKeyStruct.swift */,
				074E76CA23AD86FA00F86164 /* Parser.swift */,
			);
			path = ParsingHelpers;
			sourceTree = "<group>";
		};
/* End PBXGroup section */

/* Begin PBXHeadersBuildPhase section */
		074E768523AD86EC00F86164 /* Headers */ = {
			isa = PBXHeadersBuildPhase;
			buildActionMask = 2147483647;
			files = (
				074E769B23AD86EC00F86164 /* TrashPanda.h in Headers */,
			);
			runOnlyForDeploymentPostprocessing = 0;
		};
/* End PBXHeadersBuildPhase section */

/* Begin PBXNativeTarget section */
		074E768923AD86EC00F86164 /* TrashPanda */ = {
			isa = PBXNativeTarget;
			buildConfigurationList = 074E769E23AD86EC00F86164 /* Build configuration list for PBXNativeTarget "TrashPanda" */;
			buildPhases = (
				074E768523AD86EC00F86164 /* Headers */,
				074E768623AD86EC00F86164 /* Sources */,
				074E768723AD86EC00F86164 /* Frameworks */,
				074E768823AD86EC00F86164 /* Resources */,
			);
			buildRules = (
			);
			dependencies = (
			);
			name = TrashPanda;
			productName = TrashPanda;
			productReference = 074E768A23AD86EC00F86164 /* TrashPanda.framework */;
			productType = "com.apple.product-type.framework";
		};
		074E769223AD86EC00F86164 /* TrashPandaTests */ = {
			isa = PBXNativeTarget;
			buildConfigurationList = 074E76A123AD86EC00F86164 /* Build configuration list for PBXNativeTarget "TrashPandaTests" */;
			buildPhases = (
				074E768F23AD86EC00F86164 /* Sources */,
				074E769023AD86EC00F86164 /* Frameworks */,
				074E769123AD86EC00F86164 /* Resources */,
			);
			buildRules = (
			);
			dependencies = (
				074E769623AD86EC00F86164 /* PBXTargetDependency */,
			);
			name = TrashPandaTests;
			productName = TrashPandaTests;
			productReference = 074E769323AD86EC00F86164 /* TrashPandaTests.xctest */;
			productType = "com.apple.product-type.bundle.unit-test";
		};
/* End PBXNativeTarget section */

/* Begin PBXProject section */
		074E768123AD86EC00F86164 /* Project object */ = {
			isa = PBXProject;
			attributes = {
				LastSwiftUpdateCheck = 1120;
				LastUpgradeCheck = 1120;
				ORGANIZATIONNAME = "Omar Hassan";
				TargetAttributes = {
					074E768923AD86EC00F86164 = {
						CreatedOnToolsVersion = 11.2;
					};
					074E769223AD86EC00F86164 = {
						CreatedOnToolsVersion = 11.2;
					};
				};
			};
			buildConfigurationList = 074E768423AD86EC00F86164 /* Build configuration list for PBXProject "TrashPanda" */;
			compatibilityVersion = "Xcode 9.3";
			developmentRegion = en;
			hasScannedForEncodings = 0;
			knownRegions = (
				en,
				Base,
			);
			mainGroup = 074E768023AD86EC00F86164;
			productRefGroup = 074E768B23AD86EC00F86164 /* Products */;
			projectDirPath = "";
			projectRoot = "";
			targets = (
				074E768923AD86EC00F86164 /* TrashPanda */,
				074E769223AD86EC00F86164 /* TrashPandaTests */,
			);
		};
/* End PBXProject section */

/* Begin PBXResourcesBuildPhase section */
		074E768823AD86EC00F86164 /* Resources */ = {
			isa = PBXResourcesBuildPhase;
			buildActionMask = 2147483647;
			files = (
				07FFF48623AE4579005EE688 /* TrashPanda.podspec in Resources */,
			);
			runOnlyForDeploymentPostprocessing = 0;
		};
		074E769123AD86EC00F86164 /* Resources */ = {
			isa = PBXResourcesBuildPhase;
			buildActionMask = 2147483647;
			files = (
			);
			runOnlyForDeploymentPostprocessing = 0;
		};
/* End PBXResourcesBuildPhase section */

/* Begin PBXSourcesBuildPhase section */
		074E768623AD86EC00F86164 /* Sources */ = {
			isa = PBXSourcesBuildPhase;
			buildActionMask = 2147483647;
			files = (
				074E76D123AD86FA00F86164 /* ApiConstants.swift in Sources */,
				074E76D423AD86FA00F86164 /* BaseApiCall.swift in Sources */,
				074E76D323AD86FA00F86164 /* UpdateAbleQueryStrings.swift in Sources */,
				074E76D023AD86FA00F86164 /* ApiMessages.swift in Sources */,
				074E76D723AD86FA00F86164 /* NetWorkCallExecutor.swift in Sources */,
				074E76D923AD86FA00F86164 /* ServerFailResponseObject.swift in Sources */,
				074E76D823AD86FA00F86164 /* ApiCallDetails.swift in Sources */,
				074E76E223AD86FA00F86164 /* ErrorBase.swift in Sources */,
				074E76E123AD86FA00F86164 /* HeadersFactory.swift in Sources */,
				074E76CB23AD86FA00F86164 /* NetworkResponseAdapter.swift in Sources */,
				074E76CE23AD86FA00F86164 /* NetworkCallerBuilder.swift in Sources */,
				074E76D623AD86FA00F86164 /* NetworkCallExecutorBuilder.swift in Sources */,
				074E76CD23AD86FA00F86164 /* NetworkCallerProtocol.swift in Sources */,
				074E76DD23AD86FA00F86164 /* GeneralActions.swift in Sources */,
				074E76E823AD86FA00F86164 /* CodingKeyStruct.swift in Sources */,
				074E76E923AD86FA00F86164 /* Parser.swift in Sources */,
				074E76DF23AD86FA00F86164 /* ApiActions.swift in Sources */,
				074E76E723AD86FA00F86164 /* Urls.swift in Sources */,
				074E76E623AD86FA00F86164 /* EntityApiCall.swift in Sources */,
				074E76DE23AD86FA00F86164 /* EntityActions.swift in Sources */,
				074E76CC23AD86FA00F86164 /* NetworkCaller.swift in Sources */,
				074E76DB23AD86FA00F86164 /* AlternativeNameParser.swift in Sources */,
				074E76E523AD86FA00F86164 /* StatusCodes.swift in Sources */,
				074E76D223AD86FA00F86164 /* UserDefaultsManager.swift in Sources */,
				074E76DC23AD86FA00F86164 /* ServerApiResponse.swift in Sources */,
				074E76E023AD86FA00F86164 /* UserActions.swift in Sources */,
				074E76D523AD86FA00F86164 /* NetworkCallExecutorHelper.swift in Sources */,
				074E76DA23AD86FA00F86164 /* ServerDetailResponse.swift in Sources */,
				072CF14423ADE007000B7205 /* UrlSessionWrapper.swift in Sources */,
				074E76CF23AD86FA00F86164 /* NetworkCallerMock.swift in Sources */,
			);
			runOnlyForDeploymentPostprocessing = 0;
		};
		074E768F23AD86EC00F86164 /* Sources */ = {
			isa = PBXSourcesBuildPhase;
			buildActionMask = 2147483647;
			files = (
				072CF14D23ADFBE6000B7205 /* ApiActions.swift in Sources */,
				072CF14C23ADFBE6000B7205 /* EntityActions.swift in Sources */,
				072CF14623ADF4EF000B7205 /* ThreadSafeCollection.swift in Sources */,
				072CF14B23ADFBE6000B7205 /* GeneralActions.swift in Sources */,
				0799DF3523AE0DDE00F9A8F5 /* UtilityExtenstions.swift in Sources */,
				072CF14E23ADFBE6000B7205 /* UserActions.swift in Sources */,
				074E769923AD86EC00F86164 /* TrashPandaTests.swift in Sources */,
			);
			runOnlyForDeploymentPostprocessing = 0;
		};
/* End PBXSourcesBuildPhase section */

/* Begin PBXTargetDependency section */
		074E769623AD86EC00F86164 /* PBXTargetDependency */ = {
			isa = PBXTargetDependency;
			target = 074E768923AD86EC00F86164 /* TrashPanda */;
			targetProxy = 074E769523AD86EC00F86164 /* PBXContainerItemProxy */;
		};
/* End PBXTargetDependency section */

/* Begin XCBuildConfiguration section */
		074E769C23AD86EC00F86164 /* Debug */ = {
			isa = XCBuildConfiguration;
			buildSettings = {
				ALWAYS_SEARCH_USER_PATHS = NO;
				CLANG_ANALYZER_NONNULL = YES;
				CLANG_ANALYZER_NUMBER_OBJECT_CONVERSION = YES_AGGRESSIVE;
				CLANG_CXX_LANGUAGE_STANDARD = "gnu++14";
				CLANG_CXX_LIBRARY = "libc++";
				CLANG_ENABLE_MODULES = YES;
				CLANG_ENABLE_OBJC_ARC = YES;
				CLANG_ENABLE_OBJC_WEAK = YES;
				CLANG_WARN_BLOCK_CAPTURE_AUTORELEASING = YES;
				CLANG_WARN_BOOL_CONVERSION = YES;
				CLANG_WARN_COMMA = YES;
				CLANG_WARN_CONSTANT_CONVERSION = YES;
				CLANG_WARN_DEPRECATED_OBJC_IMPLEMENTATIONS = YES;
				CLANG_WARN_DIRECT_OBJC_ISA_USAGE = YES_ERROR;
				CLANG_WARN_DOCUMENTATION_COMMENTS = YES;
				CLANG_WARN_EMPTY_BODY = YES;
				CLANG_WARN_ENUM_CONVERSION = YES;
				CLANG_WARN_INFINITE_RECURSION = YES;
				CLANG_WARN_INT_CONVERSION = YES;
				CLANG_WARN_NON_LITERAL_NULL_CONVERSION = YES;
				CLANG_WARN_OBJC_IMPLICIT_RETAIN_SELF = YES;
				CLANG_WARN_OBJC_LITERAL_CONVERSION = YES;
				CLANG_WARN_OBJC_ROOT_CLASS = YES_ERROR;
				CLANG_WARN_RANGE_LOOP_ANALYSIS = YES;
				CLANG_WARN_STRICT_PROTOTYPES = YES;
				CLANG_WARN_SUSPICIOUS_MOVE = YES;
				CLANG_WARN_UNGUARDED_AVAILABILITY = YES_AGGRESSIVE;
				CLANG_WARN_UNREACHABLE_CODE = YES;
				CLANG_WARN__DUPLICATE_METHOD_MATCH = YES;
				COPY_PHASE_STRIP = NO;
				CURRENT_PROJECT_VERSION = 1;
				DEBUG_INFORMATION_FORMAT = dwarf;
				ENABLE_STRICT_OBJC_MSGSEND = YES;
				ENABLE_TESTABILITY = YES;
				GCC_C_LANGUAGE_STANDARD = gnu11;
				GCC_DYNAMIC_NO_PIC = NO;
				GCC_NO_COMMON_BLOCKS = YES;
				GCC_OPTIMIZATION_LEVEL = 0;
				GCC_PREPROCESSOR_DEFINITIONS = (
					"DEBUG=1",
					"$(inherited)",
				);
				GCC_WARN_64_TO_32_BIT_CONVERSION = YES;
				GCC_WARN_ABOUT_RETURN_TYPE = YES_ERROR;
				GCC_WARN_UNDECLARED_SELECTOR = YES;
				GCC_WARN_UNINITIALIZED_AUTOS = YES_AGGRESSIVE;
				GCC_WARN_UNUSED_FUNCTION = YES;
				GCC_WARN_UNUSED_VARIABLE = YES;
				IPHONEOS_DEPLOYMENT_TARGET = 13.2;
				MTL_ENABLE_DEBUG_INFO = INCLUDE_SOURCE;
				MTL_FAST_MATH = YES;
				ONLY_ACTIVE_ARCH = YES;
				SDKROOT = iphoneos;
				SWIFT_ACTIVE_COMPILATION_CONDITIONS = DEBUG;
				SWIFT_OPTIMIZATION_LEVEL = "-Onone";
				VERSIONING_SYSTEM = "apple-generic";
				VERSION_INFO_PREFIX = "";
			};
			name = Debug;
		};
		074E769D23AD86EC00F86164 /* Release */ = {
			isa = XCBuildConfiguration;
			buildSettings = {
				ALWAYS_SEARCH_USER_PATHS = NO;
				CLANG_ANALYZER_NONNULL = YES;
				CLANG_ANALYZER_NUMBER_OBJECT_CONVERSION = YES_AGGRESSIVE;
				CLANG_CXX_LANGUAGE_STANDARD = "gnu++14";
				CLANG_CXX_LIBRARY = "libc++";
				CLANG_ENABLE_MODULES = YES;
				CLANG_ENABLE_OBJC_ARC = YES;
				CLANG_ENABLE_OBJC_WEAK = YES;
				CLANG_WARN_BLOCK_CAPTURE_AUTORELEASING = YES;
				CLANG_WARN_BOOL_CONVERSION = YES;
				CLANG_WARN_COMMA = YES;
				CLANG_WARN_CONSTANT_CONVERSION = YES;
				CLANG_WARN_DEPRECATED_OBJC_IMPLEMENTATIONS = YES;
				CLANG_WARN_DIRECT_OBJC_ISA_USAGE = YES_ERROR;
				CLANG_WARN_DOCUMENTATION_COMMENTS = YES;
				CLANG_WARN_EMPTY_BODY = YES;
				CLANG_WARN_ENUM_CONVERSION = YES;
				CLANG_WARN_INFINITE_RECURSION = YES;
				CLANG_WARN_INT_CONVERSION = YES;
				CLANG_WARN_NON_LITERAL_NULL_CONVERSION = YES;
				CLANG_WARN_OBJC_IMPLICIT_RETAIN_SELF = YES;
				CLANG_WARN_OBJC_LITERAL_CONVERSION = YES;
				CLANG_WARN_OBJC_ROOT_CLASS = YES_ERROR;
				CLANG_WARN_RANGE_LOOP_ANALYSIS = YES;
				CLANG_WARN_STRICT_PROTOTYPES = YES;
				CLANG_WARN_SUSPICIOUS_MOVE = YES;
				CLANG_WARN_UNGUARDED_AVAILABILITY = YES_AGGRESSIVE;
				CLANG_WARN_UNREACHABLE_CODE = YES;
				CLANG_WARN__DUPLICATE_METHOD_MATCH = YES;
				COPY_PHASE_STRIP = NO;
				CURRENT_PROJECT_VERSION = 1;
				DEBUG_INFORMATION_FORMAT = "dwarf-with-dsym";
				ENABLE_NS_ASSERTIONS = NO;
				ENABLE_STRICT_OBJC_MSGSEND = YES;
				GCC_C_LANGUAGE_STANDARD = gnu11;
				GCC_NO_COMMON_BLOCKS = YES;
				GCC_WARN_64_TO_32_BIT_CONVERSION = YES;
				GCC_WARN_ABOUT_RETURN_TYPE = YES_ERROR;
				GCC_WARN_UNDECLARED_SELECTOR = YES;
				GCC_WARN_UNINITIALIZED_AUTOS = YES_AGGRESSIVE;
				GCC_WARN_UNUSED_FUNCTION = YES;
				GCC_WARN_UNUSED_VARIABLE = YES;
				IPHONEOS_DEPLOYMENT_TARGET = 13.2;
				MTL_ENABLE_DEBUG_INFO = NO;
				MTL_FAST_MATH = YES;
				SDKROOT = iphoneos;
				SWIFT_COMPILATION_MODE = wholemodule;
				SWIFT_OPTIMIZATION_LEVEL = "-O";
				VALIDATE_PRODUCT = YES;
				VERSIONING_SYSTEM = "apple-generic";
				VERSION_INFO_PREFIX = "";
			};
			name = Release;
		};
		074E769F23AD86EC00F86164 /* Debug */ = {
			isa = XCBuildConfiguration;
			buildSettings = {
				CODE_SIGN_STYLE = Automatic;
				DEFINES_MODULE = YES;
				DEVELOPMENT_TEAM = P98RF6S5R9;
				DYLIB_COMPATIBILITY_VERSION = 1;
				DYLIB_CURRENT_VERSION = 1;
				DYLIB_INSTALL_NAME_BASE = "@rpath";
				INFOPLIST_FILE = TrashPanda/Info.plist;
				INSTALL_PATH = "$(LOCAL_LIBRARY_DIR)/Frameworks";
				IPHONEOS_DEPLOYMENT_TARGET = 11.0;
				LD_RUNPATH_SEARCH_PATHS = (
					"$(inherited)",
					"@executable_path/Frameworks",
					"@loader_path/Frameworks",
				);
				PRODUCT_BUNDLE_IDENTIFIER = com.OmarHassan.TrashPanda;
				PRODUCT_NAME = "$(TARGET_NAME:c99extidentifier)";
				SKIP_INSTALL = YES;
				SUPPORTS_MACCATALYST = NO;
				SWIFT_VERSION = 5.0;
				TARGETED_DEVICE_FAMILY = 1;
			};
			name = Debug;
		};
		074E76A023AD86EC00F86164 /* Release */ = {
			isa = XCBuildConfiguration;
			buildSettings = {
				CODE_SIGN_STYLE = Automatic;
				DEFINES_MODULE = YES;
				DEVELOPMENT_TEAM = P98RF6S5R9;
				DYLIB_COMPATIBILITY_VERSION = 1;
				DYLIB_CURRENT_VERSION = 1;
				DYLIB_INSTALL_NAME_BASE = "@rpath";
				INFOPLIST_FILE = TrashPanda/Info.plist;
				INSTALL_PATH = "$(LOCAL_LIBRARY_DIR)/Frameworks";
				IPHONEOS_DEPLOYMENT_TARGET = 11.0;
				LD_RUNPATH_SEARCH_PATHS = (
					"$(inherited)",
					"@executable_path/Frameworks",
					"@loader_path/Frameworks",
				);
				PRODUCT_BUNDLE_IDENTIFIER = com.OmarHassan.TrashPanda;
				PRODUCT_NAME = "$(TARGET_NAME:c99extidentifier)";
				SKIP_INSTALL = YES;
				SUPPORTS_MACCATALYST = NO;
				SWIFT_VERSION = 5.0;
				TARGETED_DEVICE_FAMILY = 1;
			};
			name = Release;
		};
		074E76A223AD86EC00F86164 /* Debug */ = {
			isa = XCBuildConfiguration;
			buildSettings = {
				ALWAYS_EMBED_SWIFT_STANDARD_LIBRARIES = YES;
				CODE_SIGN_STYLE = Automatic;
				DEVELOPMENT_TEAM = P98RF6S5R9;
				INFOPLIST_FILE = TrashPandaTests/Info.plist;
				LD_RUNPATH_SEARCH_PATHS = (
					"$(inherited)",
					"@executable_path/Frameworks",
					"@loader_path/Frameworks",
				);
				PRODUCT_BUNDLE_IDENTIFIER = com.OmarHassan.TrashPandaTests;
				PRODUCT_NAME = "$(TARGET_NAME)";
				SWIFT_VERSION = 5.0;
				TARGETED_DEVICE_FAMILY = "1,2";
			};
			name = Debug;
		};
		074E76A323AD86EC00F86164 /* Release */ = {
			isa = XCBuildConfiguration;
			buildSettings = {
				ALWAYS_EMBED_SWIFT_STANDARD_LIBRARIES = YES;
				CODE_SIGN_STYLE = Automatic;
				DEVELOPMENT_TEAM = P98RF6S5R9;
				INFOPLIST_FILE = TrashPandaTests/Info.plist;
				LD_RUNPATH_SEARCH_PATHS = (
					"$(inherited)",
					"@executable_path/Frameworks",
					"@loader_path/Frameworks",
				);
				PRODUCT_BUNDLE_IDENTIFIER = com.OmarHassan.TrashPandaTests;
				PRODUCT_NAME = "$(TARGET_NAME)";
				SWIFT_VERSION = 5.0;
				TARGETED_DEVICE_FAMILY = "1,2";
			};
			name = Release;
		};
/* End XCBuildConfiguration section */

/* Begin XCConfigurationList section */
		074E768423AD86EC00F86164 /* Build configuration list for PBXProject "TrashPanda" */ = {
			isa = XCConfigurationList;
			buildConfigurations = (
				074E769C23AD86EC00F86164 /* Debug */,
				074E769D23AD86EC00F86164 /* Release */,
			);
			defaultConfigurationIsVisible = 0;
			defaultConfigurationName = Release;
		};
		074E769E23AD86EC00F86164 /* Build configuration list for PBXNativeTarget "TrashPanda" */ = {
			isa = XCConfigurationList;
			buildConfigurations = (
				074E769F23AD86EC00F86164 /* Debug */,
				074E76A023AD86EC00F86164 /* Release */,
			);
			defaultConfigurationIsVisible = 0;
			defaultConfigurationName = Release;
		};
		074E76A123AD86EC00F86164 /* Build configuration list for PBXNativeTarget "TrashPandaTests" */ = {
			isa = XCConfigurationList;
			buildConfigurations = (
				074E76A223AD86EC00F86164 /* Debug */,
				074E76A323AD86EC00F86164 /* Release */,
			);
			defaultConfigurationIsVisible = 0;
			defaultConfigurationName = Release;
		};
/* End XCConfigurationList section */
	};
	rootObject = 074E768123AD86EC00F86164 /* Project object */;
}
