// !$*UTF8*$!
{
	archiveVersion = 1;
	classes = {
	};
	objectVersion = 50;
	objects = {

/* Begin PBXBuildFile section */
		074E76F723AD872B00F86164 /* AppDelegate.swift in Sources */ = {isa = PBXBuildFile; fileRef = 074E76F623AD872B00F86164 /* AppDelegate.swift */; };
		074E76F923AD872B00F86164 /* SceneDelegate.swift in Sources */ = {isa = PBXBuildFile; fileRef = 074E76F823AD872B00F86164 /* SceneDelegate.swift */; };
		074E76FB23AD872B00F86164 /* ViewController.swift in Sources */ = {isa = PBXBuildFile; fileRef = 074E76FA23AD872B00F86164 /* ViewController.swift */; };
		074E76FE23AD872B00F86164 /* Main.storyboard in Resources */ = {isa = PBXBuildFile; fileRef = 074E76FC23AD872B00F86164 /* Main.storyboard */; };
		074E770023AD872B00F86164 /* Assets.xcassets in Resources */ = {isa = PBXBuildFile; fileRef = 074E76FF23AD872B00F86164 /* Assets.xcassets */; };
		074E770323AD872B00F86164 /* LaunchScreen.storyboard in Resources */ = {isa = PBXBuildFile; fileRef = 074E770123AD872B00F86164 /* LaunchScreen.storyboard */; };
		074E770E23AD872C00F86164 /* ExampleTests.swift in Sources */ = {isa = PBXBuildFile; fileRef = 074E770D23AD872C00F86164 /* ExampleTests.swift */; };
		074E771923AD872C00F86164 /* ExampleUITests.swift in Sources */ = {isa = PBXBuildFile; fileRef = 074E771823AD872C00F86164 /* ExampleUITests.swift */; };
		07FFF48723AE4C92005EE688 /* TrashPanda.framework in Frameworks */ = {isa = PBXBuildFile; fileRef = 072CF13D23AD9215000B7205 /* TrashPanda.framework */; };
		07FFF48823AE4C92005EE688 /* TrashPanda.framework in Embed Frameworks */ = {isa = PBXBuildFile; fileRef = 072CF13D23AD9215000B7205 /* TrashPanda.framework */; settings = {ATTRIBUTES = (CodeSignOnCopy, RemoveHeadersOnCopy, ); }; };
/* End PBXBuildFile section */

/* Begin PBXContainerItemProxy section */
		074E770A23AD872C00F86164 /* PBXContainerItemProxy */ = {
			isa = PBXContainerItemProxy;
			containerPortal = 074E76EB23AD872B00F86164 /* Project object */;
			proxyType = 1;
			remoteGlobalIDString = 074E76F223AD872B00F86164;
			remoteInfo = Example;
		};
		074E771523AD872C00F86164 /* PBXContainerItemProxy */ = {
			isa = PBXContainerItemProxy;
			containerPortal = 074E76EB23AD872B00F86164 /* Project object */;
			proxyType = 1;
			remoteGlobalIDString = 074E76F223AD872B00F86164;
			remoteInfo = Example;
		};
/* End PBXContainerItemProxy section */

/* Begin PBXCopyFilesBuildPhase section */
		07FFF48923AE4C92005EE688 /* Embed Frameworks */ = {
			isa = PBXCopyFilesBuildPhase;
			buildActionMask = 2147483647;
			dstPath = "";
			dstSubfolderSpec = 10;
			files = (
				07FFF48823AE4C92005EE688 /* TrashPanda.framework in Embed Frameworks */,
			);
			name = "Embed Frameworks";
			runOnlyForDeploymentPostprocessing = 0;
		};
/* End PBXCopyFilesBuildPhase section */

/* Begin PBXFileReference section */
		072CF13D23AD9215000B7205 /* TrashPanda.framework */ = {isa = PBXFileReference; explicitFileType = wrapper.framework; path = TrashPanda.framework; sourceTree = BUILT_PRODUCTS_DIR; };
		074E76F323AD872B00F86164 /* Example.app */ = {isa = PBXFileReference; explicitFileType = wrapper.application; includeInIndex = 0; path = Example.app; sourceTree = BUILT_PRODUCTS_DIR; };
		074E76F623AD872B00F86164 /* AppDelegate.swift */ = {isa = PBXFileReference; lastKnownFileType = sourcecode.swift; path = AppDelegate.swift; sourceTree = "<group>"; };
		074E76F823AD872B00F86164 /* SceneDelegate.swift */ = {isa = PBXFileReference; lastKnownFileType = sourcecode.swift; path = SceneDelegate.swift; sourceTree = "<group>"; };
		074E76FA23AD872B00F86164 /* ViewController.swift */ = {isa = PBXFileReference; lastKnownFileType = sourcecode.swift; path = ViewController.swift; sourceTree = "<group>"; };
		074E76FD23AD872B00F86164 /* Base */ = {isa = PBXFileReference; lastKnownFileType = file.storyboard; name = Base; path = Base.lproj/Main.storyboard; sourceTree = "<group>"; };
		074E76FF23AD872B00F86164 /* Assets.xcassets */ = {isa = PBXFileReference; lastKnownFileType = folder.assetcatalog; path = Assets.xcassets; sourceTree = "<group>"; };
		074E770223AD872B00F86164 /* Base */ = {isa = PBXFileReference; lastKnownFileType = file.storyboard; name = Base; path = Base.lproj/LaunchScreen.storyboard; sourceTree = "<group>"; };
		074E770423AD872B00F86164 /* Info.plist */ = {isa = PBXFileReference; lastKnownFileType = text.plist.xml; path = Info.plist; sourceTree = "<group>"; };
		074E770923AD872C00F86164 /* ExampleTests.xctest */ = {isa = PBXFileReference; explicitFileType = wrapper.cfbundle; includeInIndex = 0; path = ExampleTests.xctest; sourceTree = BUILT_PRODUCTS_DIR; };
		074E770D23AD872C00F86164 /* ExampleTests.swift */ = {isa = PBXFileReference; lastKnownFileType = sourcecode.swift; path = ExampleTests.swift; sourceTree = "<group>"; };
		074E770F23AD872C00F86164 /* Info.plist */ = {isa = PBXFileReference; lastKnownFileType = text.plist.xml; path = Info.plist; sourceTree = "<group>"; };
		074E771423AD872C00F86164 /* ExampleUITests.xctest */ = {isa = PBXFileReference; explicitFileType = wrapper.cfbundle; includeInIndex = 0; path = ExampleUITests.xctest; sourceTree = BUILT_PRODUCTS_DIR; };
		074E771823AD872C00F86164 /* ExampleUITests.swift */ = {isa = PBXFileReference; lastKnownFileType = sourcecode.swift; path = ExampleUITests.swift; sourceTree = "<group>"; };
		074E771A23AD872C00F86164 /* Info.plist */ = {isa = PBXFileReference; lastKnownFileType = text.plist.xml; path = Info.plist; sourceTree = "<group>"; };
/* End PBXFileReference section */

/* Begin PBXFrameworksBuildPhase section */
		074E76F023AD872B00F86164 /* Frameworks */ = {
			isa = PBXFrameworksBuildPhase;
			buildActionMask = 2147483647;
			files = (
				07FFF48723AE4C92005EE688 /* TrashPanda.framework in Frameworks */,
			);
			runOnlyForDeploymentPostprocessing = 0;
		};
		074E770623AD872C00F86164 /* Frameworks */ = {
			isa = PBXFrameworksBuildPhase;
			buildActionMask = 2147483647;
			files = (
			);
			runOnlyForDeploymentPostprocessing = 0;
		};
		074E771123AD872C00F86164 /* Frameworks */ = {
			isa = PBXFrameworksBuildPhase;
			buildActionMask = 2147483647;
			files = (
			);
			runOnlyForDeploymentPostprocessing = 0;
		};
/* End PBXFrameworksBuildPhase section */

/* Begin PBXGroup section */
		072CF13C23AD9215000B7205 /* Frameworks */ = {
			isa = PBXGroup;
			children = (
				072CF13D23AD9215000B7205 /* TrashPanda.framework */,
			);
			name = Frameworks;
			sourceTree = "<group>";
		};
		074E76EA23AD872B00F86164 = {
			isa = PBXGroup;
			children = (
				074E76F523AD872B00F86164 /* Example */,
				074E770C23AD872C00F86164 /* ExampleTests */,
				074E771723AD872C00F86164 /* ExampleUITests */,
				074E76F423AD872B00F86164 /* Products */,
				072CF13C23AD9215000B7205 /* Frameworks */,
			);
			sourceTree = "<group>";
		};
		074E76F423AD872B00F86164 /* Products */ = {
			isa = PBXGroup;
			children = (
				074E76F323AD872B00F86164 /* Example.app */,
				074E770923AD872C00F86164 /* ExampleTests.xctest */,
				074E771423AD872C00F86164 /* ExampleUITests.xctest */,
			);
			name = Products;
			sourceTree = "<group>";
		};
		074E76F523AD872B00F86164 /* Example */ = {
			isa = PBXGroup;
			children = (
				074E76F623AD872B00F86164 /* AppDelegate.swift */,
				074E76F823AD872B00F86164 /* SceneDelegate.swift */,
				074E76FA23AD872B00F86164 /* ViewController.swift */,
				074E76FC23AD872B00F86164 /* Main.storyboard */,
				074E76FF23AD872B00F86164 /* Assets.xcassets */,
				074E770123AD872B00F86164 /* LaunchScreen.storyboard */,
				074E770423AD872B00F86164 /* Info.plist */,
			);
			path = Example;
			sourceTree = "<group>";
		};
		074E770C23AD872C00F86164 /* ExampleTests */ = {
			isa = PBXGroup;
			children = (
				074E770D23AD872C00F86164 /* ExampleTests.swift */,
				074E770F23AD872C00F86164 /* Info.plist */,
			);
			path = ExampleTests;
			sourceTree = "<group>";
		};
		074E771723AD872C00F86164 /* ExampleUITests */ = {
			isa = PBXGroup;
			children = (
				074E771823AD872C00F86164 /* ExampleUITests.swift */,
				074E771A23AD872C00F86164 /* Info.plist */,
			);
			path = ExampleUITests;
			sourceTree = "<group>";
		};
/* End PBXGroup section */

/* Begin PBXNativeTarget section */
		074E76F223AD872B00F86164 /* Example */ = {
			isa = PBXNativeTarget;
			buildConfigurationList = 074E771D23AD872C00F86164 /* Build configuration list for PBXNativeTarget "Example" */;
			buildPhases = (
				074E76EF23AD872B00F86164 /* Sources */,
				074E76F023AD872B00F86164 /* Frameworks */,
				074E76F123AD872B00F86164 /* Resources */,
				07FFF48923AE4C92005EE688 /* Embed Frameworks */,
			);
			buildRules = (
			);
			dependencies = (
			);
			name = Example;
			productName = Example;
			productReference = 074E76F323AD872B00F86164 /* Example.app */;
			productType = "com.apple.product-type.application";
		};
		074E770823AD872C00F86164 /* ExampleTests */ = {
			isa = PBXNativeTarget;
			buildConfigurationList = 074E772023AD872C00F86164 /* Build configuration list for PBXNativeTarget "ExampleTests" */;
			buildPhases = (
				074E770523AD872C00F86164 /* Sources */,
				074E770623AD872C00F86164 /* Frameworks */,
				074E770723AD872C00F86164 /* Resources */,
			);
			buildRules = (
			);
			dependencies = (
				074E770B23AD872C00F86164 /* PBXTargetDependency */,
			);
			name = ExampleTests;
			productName = ExampleTests;
			productReference = 074E770923AD872C00F86164 /* ExampleTests.xctest */;
			productType = "com.apple.product-type.bundle.unit-test";
		};
		074E771323AD872C00F86164 /* ExampleUITests */ = {
			isa = PBXNativeTarget;
			buildConfigurationList = 074E772323AD872C00F86164 /* Build configuration list for PBXNativeTarget "ExampleUITests" */;
			buildPhases = (
				074E771023AD872C00F86164 /* Sources */,
				074E771123AD872C00F86164 /* Frameworks */,
				074E771223AD872C00F86164 /* Resources */,
			);
			buildRules = (
			);
			dependencies = (
				074E771623AD872C00F86164 /* PBXTargetDependency */,
			);
			name = ExampleUITests;
			productName = ExampleUITests;
			productReference = 074E771423AD872C00F86164 /* ExampleUITests.xctest */;
			productType = "com.apple.product-type.bundle.ui-testing";
		};
/* End PBXNativeTarget section */

/* Begin PBXProject section */
		074E76EB23AD872B00F86164 /* Project object */ = {
			isa = PBXProject;
			attributes = {
				LastSwiftUpdateCheck = 1120;
				LastUpgradeCheck = 1120;
				ORGANIZATIONNAME = "Omar Hassan";
				TargetAttributes = {
					074E76F223AD872B00F86164 = {
						CreatedOnToolsVersion = 11.2;
					};
					074E770823AD872C00F86164 = {
						CreatedOnToolsVersion = 11.2;
						TestTargetID = 074E76F223AD872B00F86164;
					};
					074E771323AD872C00F86164 = {
						CreatedOnToolsVersion = 11.2;
						TestTargetID = 074E76F223AD872B00F86164;
					};
				};
			};
			buildConfigurationList = 074E76EE23AD872B00F86164 /* Build configuration list for PBXProject "Example" */;
			compatibilityVersion = "Xcode 9.3";
			developmentRegion = en;
			hasScannedForEncodings = 0;
			knownRegions = (
				en,
				Base,
			);
			mainGroup = 074E76EA23AD872B00F86164;
			productRefGroup = 074E76F423AD872B00F86164 /* Products */;
			projectDirPath = "";
			projectRoot = "";
			targets = (
				074E76F223AD872B00F86164 /* Example */,
				074E770823AD872C00F86164 /* ExampleTests */,
				074E771323AD872C00F86164 /* ExampleUITests */,
			);
		};
/* End PBXProject section */

/* Begin PBXResourcesBuildPhase section */
		074E76F123AD872B00F86164 /* Resources */ = {
			isa = PBXResourcesBuildPhase;
			buildActionMask = 2147483647;
			files = (
				074E770323AD872B00F86164 /* LaunchScreen.storyboard in Resources */,
				074E770023AD872B00F86164 /* Assets.xcassets in Resources */,
				074E76FE23AD872B00F86164 /* Main.storyboard in Resources */,
			);
			runOnlyForDeploymentPostprocessing = 0;
		};
		074E770723AD872C00F86164 /* Resources */ = {
			isa = PBXResourcesBuildPhase;
			buildActionMask = 2147483647;
			files = (
			);
			runOnlyForDeploymentPostprocessing = 0;
		};
		074E771223AD872C00F86164 /* Resources */ = {
			isa = PBXResourcesBuildPhase;
			buildActionMask = 2147483647;
			files = (
			);
			runOnlyForDeploymentPostprocessing = 0;
		};
/* End PBXResourcesBuildPhase section */

/* Begin PBXSourcesBuildPhase section */
		074E76EF23AD872B00F86164 /* Sources */ = {
			isa = PBXSourcesBuildPhase;
			buildActionMask = 2147483647;
			files = (
				074E76FB23AD872B00F86164 /* ViewController.swift in Sources */,
				074E76F723AD872B00F86164 /* AppDelegate.swift in Sources */,
				074E76F923AD872B00F86164 /* SceneDelegate.swift in Sources */,
			);
			runOnlyForDeploymentPostprocessing = 0;
		};
		074E770523AD872C00F86164 /* Sources */ = {
			isa = PBXSourcesBuildPhase;
			buildActionMask = 2147483647;
			files = (
				074E770E23AD872C00F86164 /* ExampleTests.swift in Sources */,
			);
			runOnlyForDeploymentPostprocessing = 0;
		};
		074E771023AD872C00F86164 /* Sources */ = {
			isa = PBXSourcesBuildPhase;
			buildActionMask = 2147483647;
			files = (
				074E771923AD872C00F86164 /* ExampleUITests.swift in Sources */,
			);
			runOnlyForDeploymentPostprocessing = 0;
		};
/* End PBXSourcesBuildPhase section */

/* Begin PBXTargetDependency section */
		074E770B23AD872C00F86164 /* PBXTargetDependency */ = {
			isa = PBXTargetDependency;
			target = 074E76F223AD872B00F86164 /* Example */;
			targetProxy = 074E770A23AD872C00F86164 /* PBXContainerItemProxy */;
		};
		074E771623AD872C00F86164 /* PBXTargetDependency */ = {
			isa = PBXTargetDependency;
			target = 074E76F223AD872B00F86164 /* Example */;
			targetProxy = 074E771523AD872C00F86164 /* PBXContainerItemProxy */;
		};
/* End PBXTargetDependency section */

/* Begin PBXVariantGroup section */
		074E76FC23AD872B00F86164 /* Main.storyboard */ = {
			isa = PBXVariantGroup;
			children = (
				074E76FD23AD872B00F86164 /* Base */,
			);
			name = Main.storyboard;
			sourceTree = "<group>";
		};
		074E770123AD872B00F86164 /* LaunchScreen.storyboard */ = {
			isa = PBXVariantGroup;
			children = (
				074E770223AD872B00F86164 /* Base */,
			);
			name = LaunchScreen.storyboard;
			sourceTree = "<group>";
		};
/* End PBXVariantGroup section */

/* Begin XCBuildConfiguration section */
		074E771B23AD872C00F86164 /* Debug */ = {
			isa = XCBuildConfiguration;
			buildSettings = {
				ALWAYS_SEARCH_USER_PATHS = NO;
				CLANG_ANALYZER_NONNULL = YES;
				CLANG_ANALYZER_NUMBER_OBJECT_CONVERSION = YES_AGGRESSIVE;
				CLANG_CXX_LANGUAGE_STANDARD = "gnu++14";
				CLANG_CXX_LIBRARY = "libc++";
				CLANG_ENABLE_MODULES = YES;
				CLANG_ENABLE_OBJC_ARC = YES;
				CLANG_ENABLE_OBJC_WEAK = YES;
				CLANG_WARN_BLOCK_CAPTURE_AUTORELEASING = YES;
				CLANG_WARN_BOOL_CONVERSION = YES;
				CLANG_WARN_COMMA = YES;
				CLANG_WARN_CONSTANT_CONVERSION = YES;
				CLANG_WARN_DEPRECATED_OBJC_IMPLEMENTATIONS = YES;
				CLANG_WARN_DIRECT_OBJC_ISA_USAGE = YES_ERROR;
				CLANG_WARN_DOCUMENTATION_COMMENTS = YES;
				CLANG_WARN_EMPTY_BODY = YES;
				CLANG_WARN_ENUM_CONVERSION = YES;
				CLANG_WARN_INFINITE_RECURSION = YES;
				CLANG_WARN_INT_CONVERSION = YES;
				CLANG_WARN_NON_LITERAL_NULL_CONVERSION = YES;
				CLANG_WARN_OBJC_IMPLICIT_RETAIN_SELF = YES;
				CLANG_WARN_OBJC_LITERAL_CONVERSION = YES;
				CLANG_WARN_OBJC_ROOT_CLASS = YES_ERROR;
				CLANG_WARN_RANGE_LOOP_ANALYSIS = YES;
				CLANG_WARN_STRICT_PROTOTYPES = YES;
				CLANG_WARN_SUSPICIOUS_MOVE = YES;
				CLANG_WARN_UNGUARDED_AVAILABILITY = YES_AGGRESSIVE;
				CLANG_WARN_UNREACHABLE_CODE = YES;
				CLANG_WARN__DUPLICATE_METHOD_MATCH = YES;
				COPY_PHASE_STRIP = NO;
				DEBUG_INFORMATION_FORMAT = dwarf;
				ENABLE_STRICT_OBJC_MSGSEND = YES;
				ENABLE_TESTABILITY = YES;
				GCC_C_LANGUAGE_STANDARD = gnu11;
				GCC_DYNAMIC_NO_PIC = NO;
				GCC_NO_COMMON_BLOCKS = YES;
				GCC_OPTIMIZATION_LEVEL = 0;
				GCC_PREPROCESSOR_DEFINITIONS = (
					"DEBUG=1",
					"$(inherited)",
				);
				GCC_WARN_64_TO_32_BIT_CONVERSION = YES;
				GCC_WARN_ABOUT_RETURN_TYPE = YES_ERROR;
				GCC_WARN_UNDECLARED_SELECTOR = YES;
				GCC_WARN_UNINITIALIZED_AUTOS = YES_AGGRESSIVE;
				GCC_WARN_UNUSED_FUNCTION = YES;
				GCC_WARN_UNUSED_VARIABLE = YES;
				IPHONEOS_DEPLOYMENT_TARGET = 13.2;
				MTL_ENABLE_DEBUG_INFO = INCLUDE_SOURCE;
				MTL_FAST_MATH = YES;
				ONLY_ACTIVE_ARCH = YES;
				SDKROOT = iphoneos;
				SWIFT_ACTIVE_COMPILATION_CONDITIONS = DEBUG;
				SWIFT_OPTIMIZATION_LEVEL = "-Onone";
				SWIFT_VERSION = 5.0;
			};
			name = Debug;
		};
		074E771C23AD872C00F86164 /* Release */ = {
			isa = XCBuildConfiguration;
			buildSettings = {
				ALWAYS_SEARCH_USER_PATHS = NO;
				CLANG_ANALYZER_NONNULL = YES;
				CLANG_ANALYZER_NUMBER_OBJECT_CONVERSION = YES_AGGRESSIVE;
				CLANG_CXX_LANGUAGE_STANDARD = "gnu++14";
				CLANG_CXX_LIBRARY = "libc++";
				CLANG_ENABLE_MODULES = YES;
				CLANG_ENABLE_OBJC_ARC = YES;
				CLANG_ENABLE_OBJC_WEAK = YES;
				CLANG_WARN_BLOCK_CAPTURE_AUTORELEASING = YES;
				CLANG_WARN_BOOL_CONVERSION = YES;
				CLANG_WARN_COMMA = YES;
				CLANG_WARN_CONSTANT_CONVERSION = YES;
				CLANG_WARN_DEPRECATED_OBJC_IMPLEMENTATIONS = YES;
				CLANG_WARN_DIRECT_OBJC_ISA_USAGE = YES_ERROR;
				CLANG_WARN_DOCUMENTATION_COMMENTS = YES;
				CLANG_WARN_EMPTY_BODY = YES;
				CLANG_WARN_ENUM_CONVERSION = YES;
				CLANG_WARN_INFINITE_RECURSION = YES;
				CLANG_WARN_INT_CONVERSION = YES;
				CLANG_WARN_NON_LITERAL_NULL_CONVERSION = YES;
				CLANG_WARN_OBJC_IMPLICIT_RETAIN_SELF = YES;
				CLANG_WARN_OBJC_LITERAL_CONVERSION = YES;
				CLANG_WARN_OBJC_ROOT_CLASS = YES_ERROR;
				CLANG_WARN_RANGE_LOOP_ANALYSIS = YES;
				CLANG_WARN_STRICT_PROTOTYPES = YES;
				CLANG_WARN_SUSPICIOUS_MOVE = YES;
				CLANG_WARN_UNGUARDED_AVAILABILITY = YES_AGGRESSIVE;
				CLANG_WARN_UNREACHABLE_CODE = YES;
				CLANG_WARN__DUPLICATE_METHOD_MATCH = YES;
				COPY_PHASE_STRIP = NO;
				DEBUG_INFORMATION_FORMAT = "dwarf-with-dsym";
				ENABLE_NS_ASSERTIONS = NO;
				ENABLE_STRICT_OBJC_MSGSEND = YES;
				GCC_C_LANGUAGE_STANDARD = gnu11;
				GCC_NO_COMMON_BLOCKS = YES;
				GCC_WARN_64_TO_32_BIT_CONVERSION = YES;
				GCC_WARN_ABOUT_RETURN_TYPE = YES_ERROR;
				GCC_WARN_UNDECLARED_SELECTOR = YES;
				GCC_WARN_UNINITIALIZED_AUTOS = YES_AGGRESSIVE;
				GCC_WARN_UNUSED_FUNCTION = YES;
				GCC_WARN_UNUSED_VARIABLE = YES;
				IPHONEOS_DEPLOYMENT_TARGET = 13.2;
				MTL_ENABLE_DEBUG_INFO = NO;
				MTL_FAST_MATH = YES;
				SDKROOT = iphoneos;
				SWIFT_COMPILATION_MODE = wholemodule;
				SWIFT_OPTIMIZATION_LEVEL = "-O";
				SWIFT_VERSION = 5.0;
				VALIDATE_PRODUCT = YES;
			};
			name = Release;
		};
		074E771E23AD872C00F86164 /* Debug */ = {
			isa = XCBuildConfiguration;
			buildSettings = {
				ASSETCATALOG_COMPILER_APPICON_NAME = AppIcon;
				CODE_SIGN_STYLE = Automatic;
				DEVELOPMENT_TEAM = P98RF6S5R9;
				INFOPLIST_FILE = Example/Info.plist;
				IPHONEOS_DEPLOYMENT_TARGET = 11.0;
				LD_RUNPATH_SEARCH_PATHS = (
					"$(inherited)",
					"@executable_path/Frameworks",
				);
				PRODUCT_BUNDLE_IDENTIFIER = com.OmarHassan.Example;
				PRODUCT_NAME = "$(TARGET_NAME)";
				SWIFT_VERSION = 5.0;
				TARGETED_DEVICE_FAMILY = 1;
			};
			name = Debug;
		};
		074E771F23AD872C00F86164 /* Release */ = {
			isa = XCBuildConfiguration;
			buildSettings = {
				ASSETCATALOG_COMPILER_APPICON_NAME = AppIcon;
				CODE_SIGN_STYLE = Automatic;
				DEVELOPMENT_TEAM = P98RF6S5R9;
				INFOPLIST_FILE = Example/Info.plist;
				IPHONEOS_DEPLOYMENT_TARGET = 11.0;
				LD_RUNPATH_SEARCH_PATHS = (
					"$(inherited)",
					"@executable_path/Frameworks",
				);
				PRODUCT_BUNDLE_IDENTIFIER = com.OmarHassan.Example;
				PRODUCT_NAME = "$(TARGET_NAME)";
				SWIFT_VERSION = 5.0;
				TARGETED_DEVICE_FAMILY = 1;
			};
			name = Release;
		};
		074E772123AD872C00F86164 /* Debug */ = {
			isa = XCBuildConfiguration;
			buildSettings = {
				ALWAYS_EMBED_SWIFT_STANDARD_LIBRARIES = YES;
				BUNDLE_LOADER = "$(TEST_HOST)";
				CODE_SIGN_STYLE = Automatic;
				DEVELOPMENT_TEAM = P98RF6S5R9;
				INFOPLIST_FILE = ExampleTests/Info.plist;
				IPHONEOS_DEPLOYMENT_TARGET = 13.2;
				LD_RUNPATH_SEARCH_PATHS = (
					"$(inherited)",
					"@executable_path/Frameworks",
					"@loader_path/Frameworks",
				);
				PRODUCT_BUNDLE_IDENTIFIER = com.OmarHassan.ExampleTests;
				PRODUCT_NAME = "$(TARGET_NAME)";
				SWIFT_VERSION = 5.0;
				TARGETED_DEVICE_FAMILY = "1,2";
				TEST_HOST = "$(BUILT_PRODUCTS_DIR)/Example.app/Example";
			};
			name = Debug;
		};
		074E772223AD872C00F86164 /* Release */ = {
			isa = XCBuildConfiguration;
			buildSettings = {
				ALWAYS_EMBED_SWIFT_STANDARD_LIBRARIES = YES;
				BUNDLE_LOADER = "$(TEST_HOST)";
				CODE_SIGN_STYLE = Automatic;
				DEVELOPMENT_TEAM = P98RF6S5R9;
				INFOPLIST_FILE = ExampleTests/Info.plist;
				IPHONEOS_DEPLOYMENT_TARGET = 13.2;
				LD_RUNPATH_SEARCH_PATHS = (
					"$(inherited)",
					"@executable_path/Frameworks",
					"@loader_path/Frameworks",
				);
				PRODUCT_BUNDLE_IDENTIFIER = com.OmarHassan.ExampleTests;
				PRODUCT_NAME = "$(TARGET_NAME)";
				SWIFT_VERSION = 5.0;
				TARGETED_DEVICE_FAMILY = "1,2";
				TEST_HOST = "$(BUILT_PRODUCTS_DIR)/Example.app/Example";
			};
			name = Release;
		};
		074E772423AD872C00F86164 /* Debug */ = {
			isa = XCBuildConfiguration;
			buildSettings = {
				ALWAYS_EMBED_SWIFT_STANDARD_LIBRARIES = YES;
				CODE_SIGN_STYLE = Automatic;
				DEVELOPMENT_TEAM = P98RF6S5R9;
				INFOPLIST_FILE = ExampleUITests/Info.plist;
				LD_RUNPATH_SEARCH_PATHS = (
					"$(inherited)",
					"@executable_path/Frameworks",
					"@loader_path/Frameworks",
				);
				PRODUCT_BUNDLE_IDENTIFIER = com.OmarHassan.ExampleUITests;
				PRODUCT_NAME = "$(TARGET_NAME)";
				SWIFT_VERSION = 5.0;
				TARGETED_DEVICE_FAMILY = "1,2";
				TEST_TARGET_NAME = Example;
			};
			name = Debug;
		};
		074E772523AD872C00F86164 /* Release */ = {
			isa = XCBuildConfiguration;
			buildSettings = {
				ALWAYS_EMBED_SWIFT_STANDARD_LIBRARIES = YES;
				CODE_SIGN_STYLE = Automatic;
				DEVELOPMENT_TEAM = P98RF6S5R9;
				INFOPLIST_FILE = ExampleUITests/Info.plist;
				LD_RUNPATH_SEARCH_PATHS = (
					"$(inherited)",
					"@executable_path/Frameworks",
					"@loader_path/Frameworks",
				);
				PRODUCT_BUNDLE_IDENTIFIER = com.OmarHassan.ExampleUITests;
				PRODUCT_NAME = "$(TARGET_NAME)";
				SWIFT_VERSION = 5.0;
				TARGETED_DEVICE_FAMILY = "1,2";
				TEST_TARGET_NAME = Example;
			};
			name = Release;
		};
/* End XCBuildConfiguration section */

/* Begin XCConfigurationList section */
		074E76EE23AD872B00F86164 /* Build configuration list for PBXProject "Example" */ = {
			isa = XCConfigurationList;
			buildConfigurations = (
				074E771B23AD872C00F86164 /* Debug */,
				074E771C23AD872C00F86164 /* Release */,
			);
			defaultConfigurationIsVisible = 0;
			defaultConfigurationName = Release;
		};
		074E771D23AD872C00F86164 /* Build configuration list for PBXNativeTarget "Example" */ = {
			isa = XCConfigurationList;
			buildConfigurations = (
				074E771E23AD872C00F86164 /* Debug */,
				074E771F23AD872C00F86164 /* Release */,
			);
			defaultConfigurationIsVisible = 0;
			defaultConfigurationName = Release;
		};
		074E772023AD872C00F86164 /* Build configuration list for PBXNativeTarget "ExampleTests" */ = {
			isa = XCConfigurationList;
			buildConfigurations = (
				074E772123AD872C00F86164 /* Debug */,
				074E772223AD872C00F86164 /* Release */,
			);
			defaultConfigurationIsVisible = 0;
			defaultConfigurationName = Release;
		};
		074E772323AD872C00F86164 /* Build configuration list for PBXNativeTarget "ExampleUITests" */ = {
			isa = XCConfigurationList;
			buildConfigurations = (
				074E772423AD872C00F86164 /* Debug */,
				074E772523AD872C00F86164 /* Release */,
			);
			defaultConfigurationIsVisible = 0;
			defaultConfigurationName = Release;
		};
/* End XCConfigurationList section */
	};
	rootObject = 074E76EB23AD872B00F86164 /* Project object */;
}
